
Microsoft Visual Studio Solution File, Format Version 12.00
# Visual Studio Version 17
VisualStudioVersion = 17.9.34622.214
MinimumVisualStudioVersion = 10.0.40219.1
Project("{9A19103F-16F7-4668-BE54-9A1E7A4F7556}") = "WebAPI", "WebAPI\WebAPI.csproj", "{388B8EF5-2671-4264-B8EB-48ED56A60018}"
EndProject
Project("{9A19103F-16F7-4668-BE54-9A1E7A4F7556}") = "DB", "DB\DB.csproj", "{87C32A69-5D4A-4F16-B8BF-410445C87C20}"
EndProject
Project("{9A19103F-16F7-4668-BE54-9A1E7A4F7556}") = "Services", "Services\Services.csproj", "{5004D7AB-1047-4C08-B353-45386BA9FEC2}"
EndProject
Project("{FAE04EC0-301F-11D3-BF4B-00C04F79EFBC}") = "FoodCoupons.core.DL", "FoodCoupons.core.DL\FoodCoupons.core.DL.csproj", "{3A341F1E-9B9D-467F-BC1B-32C71B000E93}"
EndProject
Project("{FAE04EC0-301F-11D3-BF4B-00C04F79EFBC}") = "FoodCoupons.ReopositoryL", "FoodCoupons.ReopositoryL\FoodCoupons.ReopositoryL.csproj", "{EDB1010B-4344-4578-9649-76DA19098261}"
EndProject
Global
	GlobalSection(SolutionConfigurationPlatforms) = preSolution
		Debug|Any CPU = Debug|Any CPU
		Release|Any CPU = Release|Any CPU
	EndGlobalSection
	GlobalSection(ProjectConfigurationPlatforms) = postSolution
		{388B8EF5-2671-4264-B8EB-48ED56A60018}.Debug|Any CPU.ActiveCfg = Debug|Any CPU
		{388B8EF5-2671-4264-B8EB-48ED56A60018}.Debug|Any CPU.Build.0 = Debug|Any CPU
		{388B8EF5-2671-4264-B8EB-48ED56A60018}.Release|Any CPU.ActiveCfg = Release|Any CPU
		{388B8EF5-2671-4264-B8EB-48ED56A60018}.Release|Any CPU.Build.0 = Release|Any CPU
		{87C32A69-5D4A-4F16-B8BF-410445C87C20}.Debug|Any CPU.ActiveCfg = Debug|Any CPU
		{87C32A69-5D4A-4F16-B8BF-410445C87C20}.Debug|Any CPU.Build.0 = Debug|Any CPU
		{87C32A69-5D4A-4F16-B8BF-410445C87C20}.Release|Any CPU.ActiveCfg = Release|Any CPU
		{87C32A69-5D4A-4F16-B8BF-410445C87C20}.Release|Any CPU.Build.0 = Release|Any CPU
		{5004D7AB-1047-4C08-B353-45386BA9FEC2}.Debug|Any CPU.ActiveCfg = Debug|Any CPU
		{5004D7AB-1047-4C08-B353-45386BA9FEC2}.Debug|Any CPU.Build.0 = Debug|Any CPU
		{5004D7AB-1047-4C08-B353-45386BA9FEC2}.Release|Any CPU.ActiveCfg = Release|Any CPU
		{5004D7AB-1047-4C08-B353-45386BA9FEC2}.Release|Any CPU.Build.0 = Release|Any CPU
		{3A341F1E-9B9D-467F-BC1B-32C71B000E93}.Debug|Any CPU.ActiveCfg = Debug|Any CPU
		{3A341F1E-9B9D-467F-BC1B-32C71B000E93}.Debug|Any CPU.Build.0 = Debug|Any CPU
		{3A341F1E-9B9D-467F-BC1B-32C71B000E93}.Release|Any CPU.ActiveCfg = Release|Any CPU
		{3A341F1E-9B9D-467F-BC1B-32C71B000E93}.Release|Any CPU.Build.0 = Release|Any CPU
		{EDB1010B-4344-4578-9649-76DA19098261}.Debug|Any CPU.ActiveCfg = Debug|Any CPU
		{EDB1010B-4344-4578-9649-76DA19098261}.Debug|Any CPU.Build.0 = Debug|Any CPU
		{EDB1010B-4344-4578-9649-76DA19098261}.Release|Any CPU.ActiveCfg = Release|Any CPU
		{EDB1010B-4344-4578-9649-76DA19098261}.Release|Any CPU.Build.0 = Release|Any CPU
	EndGlobalSection
	GlobalSection(SolutionProperties) = preSolution
		HideSolutionNode = FALSE
	EndGlobalSection
	GlobalSection(ExtensibilityGlobals) = postSolution
		SolutionGuid = {DDB40D72-9A37-44AE-8816-A203B5FA5D3C}
	EndGlobalSection
EndGlobal
